
Microsoft Visual Studio Solution File, Format Version 12.00
# Visual Studio Version 16
VisualStudioVersion = 16.0.30503.244
MinimumVisualStudioVersion = 10.0.40219.1
Project("{FAE04EC0-301F-11D3-BF4B-00C04F79EFBC}") = "DomainLayer", "CommercialBank\DomainLayer\DomainLayer.csproj", "{EEFAE648-00A1-4338-8D3A-219577B40D70}"
EndProject
Project("{FAE04EC0-301F-11D3-BF4B-00C04F79EFBC}") = "ApplicationLayer", "CommercialBank\ApplicationLayer\ApplicationLayer.csproj", "{A7FEA2A1-32B2-4364-9725-A4E3B49EE839}"
EndProject
Project("{FAE04EC0-301F-11D3-BF4B-00C04F79EFBC}") = "InfrasctructureLayer", "CommercialBank\InfrasctructureLayer\InfrasctructureLayer.csproj", "{99722434-D1F2-4847-BD96-E3C1A9BC48C5}"
EndProject
Project("{FAE04EC0-301F-11D3-BF4B-00C04F79EFBC}") = "UserInterface", "CommercialBank\UserInterface\UserInterface.csproj", "{F2BF8402-AD7D-4B70-A51A-2DD4319D012B}"
EndProject
Global
	GlobalSection(SolutionConfigurationPlatforms) = preSolution
		Debug|Any CPU = Debug|Any CPU
		Release|Any CPU = Release|Any CPU
	EndGlobalSection
	GlobalSection(ProjectConfigurationPlatforms) = postSolution
		{EEFAE648-00A1-4338-8D3A-219577B40D70}.Debug|Any CPU.ActiveCfg = Debug|Any CPU
		{EEFAE648-00A1-4338-8D3A-219577B40D70}.Debug|Any CPU.Build.0 = Debug|Any CPU
		{EEFAE648-00A1-4338-8D3A-219577B40D70}.Release|Any CPU.ActiveCfg = Release|Any CPU
		{EEFAE648-00A1-4338-8D3A-219577B40D70}.Release|Any CPU.Build.0 = Release|Any CPU
		{A7FEA2A1-32B2-4364-9725-A4E3B49EE839}.Debug|Any CPU.ActiveCfg = Debug|Any CPU
		{A7FEA2A1-32B2-4364-9725-A4E3B49EE839}.Debug|Any CPU.Build.0 = Debug|Any CPU
		{A7FEA2A1-32B2-4364-9725-A4E3B49EE839}.Release|Any CPU.ActiveCfg = Release|Any CPU
		{A7FEA2A1-32B2-4364-9725-A4E3B49EE839}.Release|Any CPU.Build.0 = Release|Any CPU
		{99722434-D1F2-4847-BD96-E3C1A9BC48C5}.Debug|Any CPU.ActiveCfg = Debug|Any CPU
		{99722434-D1F2-4847-BD96-E3C1A9BC48C5}.Debug|Any CPU.Build.0 = Debug|Any CPU
		{99722434-D1F2-4847-BD96-E3C1A9BC48C5}.Release|Any CPU.ActiveCfg = Release|Any CPU
		{99722434-D1F2-4847-BD96-E3C1A9BC48C5}.Release|Any CPU.Build.0 = Release|Any CPU
		{F2BF8402-AD7D-4B70-A51A-2DD4319D012B}.Debug|Any CPU.ActiveCfg = Debug|Any CPU
		{F2BF8402-AD7D-4B70-A51A-2DD4319D012B}.Debug|Any CPU.Build.0 = Debug|Any CPU
		{F2BF8402-AD7D-4B70-A51A-2DD4319D012B}.Release|Any CPU.ActiveCfg = Release|Any CPU
		{F2BF8402-AD7D-4B70-A51A-2DD4319D012B}.Release|Any CPU.Build.0 = Release|Any CPU
	EndGlobalSection
	GlobalSection(SolutionProperties) = preSolution
		HideSolutionNode = FALSE
	EndGlobalSection
	GlobalSection(ExtensibilityGlobals) = postSolution
		SolutionGuid = {3499607C-E36E-4CA7-87B7-D3FC7004FAA3}
	EndGlobalSection
EndGlobal
