
Microsoft Visual Studio Solution File, Format Version 12.00
# Visual Studio Version 16
VisualStudioVersion = 16.0.30503.244
MinimumVisualStudioVersion = 10.0.40219.1
Project("{FAE04EC0-301F-11D3-BF4B-00C04F79EFBC}") = "Activity2", "Activity2.csproj", "{EDB381EF-813E-4BB5-8CDC-A493EAB0BDE3}"
EndProject
Global
	GlobalSection(SolutionConfigurationPlatforms) = preSolution
		Debug|Any CPU = Debug|Any CPU
		Release|Any CPU = Release|Any CPU
	EndGlobalSection
	GlobalSection(ProjectConfigurationPlatforms) = postSolution
		{EDB381EF-813E-4BB5-8CDC-A493EAB0BDE3}.Debug|Any CPU.ActiveCfg = Debug|Any CPU
		{EDB381EF-813E-4BB5-8CDC-A493EAB0BDE3}.Debug|Any CPU.Build.0 = Debug|Any CPU
		{EDB381EF-813E-4BB5-8CDC-A493EAB0BDE3}.Release|Any CPU.ActiveCfg = Release|Any CPU
		{EDB381EF-813E-4BB5-8CDC-A493EAB0BDE3}.Release|Any CPU.Build.0 = Release|Any CPU
	EndGlobalSection
	GlobalSection(SolutionProperties) = preSolution
		HideSolutionNode = FALSE
	EndGlobalSection
	GlobalSection(ExtensibilityGlobals) = postSolution
		SolutionGuid = {603034DA-CC47-4E15-A319-A081B93800AD}
	EndGlobalSection
EndGlobal
