
Microsoft Visual Studio Solution File, Format Version 12.00
# Visual Studio Version 16
VisualStudioVersion = 16.0.30503.244
MinimumVisualStudioVersion = 10.0.40219.1
Project("{FAE04EC0-301F-11D3-BF4B-00C04F79EFBC}") = "Activity", "Activity.csproj", "{6A132F58-5851-4F63-8BF0-5532B6DEC93A}"
EndProject
Global
	GlobalSection(SolutionConfigurationPlatforms) = preSolution
		Debug|Any CPU = Debug|Any CPU
		Release|Any CPU = Release|Any CPU
	EndGlobalSection
	GlobalSection(ProjectConfigurationPlatforms) = postSolution
		{6A132F58-5851-4F63-8BF0-5532B6DEC93A}.Debug|Any CPU.ActiveCfg = Debug|Any CPU
		{6A132F58-5851-4F63-8BF0-5532B6DEC93A}.Debug|Any CPU.Build.0 = Debug|Any CPU
		{6A132F58-5851-4F63-8BF0-5532B6DEC93A}.Release|Any CPU.ActiveCfg = Release|Any CPU
		{6A132F58-5851-4F63-8BF0-5532B6DEC93A}.Release|Any CPU.Build.0 = Release|Any CPU
	EndGlobalSection
	GlobalSection(SolutionProperties) = preSolution
		HideSolutionNode = FALSE
	EndGlobalSection
	GlobalSection(ExtensibilityGlobals) = postSolution
		SolutionGuid = {DFA3C10E-8BE6-4099-A989-55B3DC1B0A7D}
	EndGlobalSection
EndGlobal
